
Microsoft Visual Studio Solution File, Format Version 12.00
# Visual Studio Version 17
VisualStudioVersion = 17.7.34003.232
MinimumVisualStudioVersion = 10.0.40219.1
Project("{2150E333-8FDC-42A3-9474-1A3956D46DE8}") = "src", "src", "{8BEF4B53-5414-48B7-8B56-333A76CC45E9}"
EndProject
Project("{2150E333-8FDC-42A3-9474-1A3956D46DE8}") = "test", "test", "{1586D945-A456-4AEE-85C0-9BDD8422C35D}"
EndProject
Project("{2150E333-8FDC-42A3-9474-1A3956D46DE8}") = "Infrastructure", "Infrastructure", "{7E3EDE55-9EA9-409C-A4E4-C1C404794ADF}"
EndProject
Project("{2150E333-8FDC-42A3-9474-1A3956D46DE8}") = "Persistence", "Persistence", "{4D75B152-4CE3-4C50-B241-00844F99FB1D}"
EndProject
Project("{2150E333-8FDC-42A3-9474-1A3956D46DE8}") = "API", "API", "{F5C9B8F7-90BA-413E-8DC8-B6852A663964}"
EndProject
Project("{2150E333-8FDC-42A3-9474-1A3956D46DE8}") = "Core", "Core", "{CC8E3A16-35E8-4F74-B28E-217FEB2089E7}"
EndProject
Project("{2150E333-8FDC-42A3-9474-1A3956D46DE8}") = "UI", "UI", "{B2C9B6A0-3235-44B7-B3FA-4DDB5A7E1177}"
EndProject
Project("{9A19103F-16F7-4668-BE54-9A1E7A4F7556}") = "ManageEmployees.Application", "src\ManageEmployees.Application\ManageEmployees.Application.csproj", "{41B3B0E8-99A5-4B95-BA0B-5321BF72A975}"
EndProject
Project("{9A19103F-16F7-4668-BE54-9A1E7A4F7556}") = "ManageEmployees.Domain", "src\ManageEmployees.Domain\ManageEmployees.Domain.csproj", "{E65E46DD-82BC-4D5D-A39F-EFFAFE7A5D39}"
EndProject
Project("{9A19103F-16F7-4668-BE54-9A1E7A4F7556}") = "ManageEmployees.Persistence", "src\ManageEmployees.Persistence\ManageEmployees.Persistence.csproj", "{FE5A0BEF-4487-4EC0-AFF7-3BB2EA1AF222}"
EndProject
Project("{9A19103F-16F7-4668-BE54-9A1E7A4F7556}") = "ManageEmployees.Infrastructure", "src\ManageEmployees.Infrastructure\ManageEmployees.Infrastructure.csproj", "{2C659DC7-1DFF-4AD2-938E-45CD82CB4721}"
EndProject
Project("{9A19103F-16F7-4668-BE54-9A1E7A4F7556}") = "ManageEmployees.API", "src\ManageEmployees.API\ManageEmployees.API.csproj", "{7D30A48F-17FD-4B34-8A28-F7D86FA5C298}"
EndProject
Project("{9A19103F-16F7-4668-BE54-9A1E7A4F7556}") = "ManageEmployees.UnitTests", "test\ManageEmployees.UnitTests\ManageEmployees.UnitTests.csproj", "{1D36CDA9-0B23-4D7C-B2D5-21B62F21A54C}"
EndProject
Project("{9A19103F-16F7-4668-BE54-9A1E7A4F7556}") = "ManageEmployees.IntegrationTests", "test\ManageEmployees.IntegrationTests\ManageEmployees.IntegrationTests.csproj", "{4C18BCD9-FAF3-4CAA-961A-7665C6B2CBA2}"
EndProject
Project("{9A19103F-16F7-4668-BE54-9A1E7A4F7556}") = "ManageEmployees.BlazorUI", "src\ManageEmployees.BlazorUI\ManageEmployees.BlazorUI.csproj", "{D496B0E6-1238-4829-B269-3B6D603C9352}"
EndProject
Global
	GlobalSection(SolutionConfigurationPlatforms) = preSolution
		Debug|Any CPU = Debug|Any CPU
		Release|Any CPU = Release|Any CPU
	EndGlobalSection
	GlobalSection(ProjectConfigurationPlatforms) = postSolution
		{41B3B0E8-99A5-4B95-BA0B-5321BF72A975}.Debug|Any CPU.ActiveCfg = Debug|Any CPU
		{41B3B0E8-99A5-4B95-BA0B-5321BF72A975}.Debug|Any CPU.Build.0 = Debug|Any CPU
		{41B3B0E8-99A5-4B95-BA0B-5321BF72A975}.Release|Any CPU.ActiveCfg = Release|Any CPU
		{41B3B0E8-99A5-4B95-BA0B-5321BF72A975}.Release|Any CPU.Build.0 = Release|Any CPU
		{E65E46DD-82BC-4D5D-A39F-EFFAFE7A5D39}.Debug|Any CPU.ActiveCfg = Debug|Any CPU
		{E65E46DD-82BC-4D5D-A39F-EFFAFE7A5D39}.Debug|Any CPU.Build.0 = Debug|Any CPU
		{E65E46DD-82BC-4D5D-A39F-EFFAFE7A5D39}.Release|Any CPU.ActiveCfg = Release|Any CPU
		{E65E46DD-82BC-4D5D-A39F-EFFAFE7A5D39}.Release|Any CPU.Build.0 = Release|Any CPU
		{FE5A0BEF-4487-4EC0-AFF7-3BB2EA1AF222}.Debug|Any CPU.ActiveCfg = Debug|Any CPU
		{FE5A0BEF-4487-4EC0-AFF7-3BB2EA1AF222}.Debug|Any CPU.Build.0 = Debug|Any CPU
		{FE5A0BEF-4487-4EC0-AFF7-3BB2EA1AF222}.Release|Any CPU.ActiveCfg = Release|Any CPU
		{FE5A0BEF-4487-4EC0-AFF7-3BB2EA1AF222}.Release|Any CPU.Build.0 = Release|Any CPU
		{2C659DC7-1DFF-4AD2-938E-45CD82CB4721}.Debug|Any CPU.ActiveCfg = Debug|Any CPU
		{2C659DC7-1DFF-4AD2-938E-45CD82CB4721}.Debug|Any CPU.Build.0 = Debug|Any CPU
		{2C659DC7-1DFF-4AD2-938E-45CD82CB4721}.Release|Any CPU.ActiveCfg = Release|Any CPU
		{2C659DC7-1DFF-4AD2-938E-45CD82CB4721}.Release|Any CPU.Build.0 = Release|Any CPU
		{7D30A48F-17FD-4B34-8A28-F7D86FA5C298}.Debug|Any CPU.ActiveCfg = Debug|Any CPU
		{7D30A48F-17FD-4B34-8A28-F7D86FA5C298}.Debug|Any CPU.Build.0 = Debug|Any CPU
		{7D30A48F-17FD-4B34-8A28-F7D86FA5C298}.Release|Any CPU.ActiveCfg = Release|Any CPU
		{7D30A48F-17FD-4B34-8A28-F7D86FA5C298}.Release|Any CPU.Build.0 = Release|Any CPU
		{1D36CDA9-0B23-4D7C-B2D5-21B62F21A54C}.Debug|Any CPU.ActiveCfg = Debug|Any CPU
		{1D36CDA9-0B23-4D7C-B2D5-21B62F21A54C}.Debug|Any CPU.Build.0 = Debug|Any CPU
		{1D36CDA9-0B23-4D7C-B2D5-21B62F21A54C}.Release|Any CPU.ActiveCfg = Release|Any CPU
		{1D36CDA9-0B23-4D7C-B2D5-21B62F21A54C}.Release|Any CPU.Build.0 = Release|Any CPU
		{4C18BCD9-FAF3-4CAA-961A-7665C6B2CBA2}.Debug|Any CPU.ActiveCfg = Debug|Any CPU
		{4C18BCD9-FAF3-4CAA-961A-7665C6B2CBA2}.Debug|Any CPU.Build.0 = Debug|Any CPU
		{4C18BCD9-FAF3-4CAA-961A-7665C6B2CBA2}.Release|Any CPU.ActiveCfg = Release|Any CPU
		{4C18BCD9-FAF3-4CAA-961A-7665C6B2CBA2}.Release|Any CPU.Build.0 = Release|Any CPU
		{D496B0E6-1238-4829-B269-3B6D603C9352}.Debug|Any CPU.ActiveCfg = Debug|Any CPU
		{D496B0E6-1238-4829-B269-3B6D603C9352}.Debug|Any CPU.Build.0 = Debug|Any CPU
		{D496B0E6-1238-4829-B269-3B6D603C9352}.Release|Any CPU.ActiveCfg = Release|Any CPU
		{D496B0E6-1238-4829-B269-3B6D603C9352}.Release|Any CPU.Build.0 = Release|Any CPU
	EndGlobalSection
	GlobalSection(SolutionProperties) = preSolution
		HideSolutionNode = FALSE
	EndGlobalSection
	GlobalSection(NestedProjects) = preSolution
		{7E3EDE55-9EA9-409C-A4E4-C1C404794ADF} = {8BEF4B53-5414-48B7-8B56-333A76CC45E9}
		{4D75B152-4CE3-4C50-B241-00844F99FB1D} = {8BEF4B53-5414-48B7-8B56-333A76CC45E9}
		{F5C9B8F7-90BA-413E-8DC8-B6852A663964} = {8BEF4B53-5414-48B7-8B56-333A76CC45E9}
		{CC8E3A16-35E8-4F74-B28E-217FEB2089E7} = {8BEF4B53-5414-48B7-8B56-333A76CC45E9}
		{B2C9B6A0-3235-44B7-B3FA-4DDB5A7E1177} = {8BEF4B53-5414-48B7-8B56-333A76CC45E9}
		{41B3B0E8-99A5-4B95-BA0B-5321BF72A975} = {CC8E3A16-35E8-4F74-B28E-217FEB2089E7}
		{E65E46DD-82BC-4D5D-A39F-EFFAFE7A5D39} = {CC8E3A16-35E8-4F74-B28E-217FEB2089E7}
		{FE5A0BEF-4487-4EC0-AFF7-3BB2EA1AF222} = {4D75B152-4CE3-4C50-B241-00844F99FB1D}
		{2C659DC7-1DFF-4AD2-938E-45CD82CB4721} = {7E3EDE55-9EA9-409C-A4E4-C1C404794ADF}
		{7D30A48F-17FD-4B34-8A28-F7D86FA5C298} = {F5C9B8F7-90BA-413E-8DC8-B6852A663964}
		{1D36CDA9-0B23-4D7C-B2D5-21B62F21A54C} = {1586D945-A456-4AEE-85C0-9BDD8422C35D}
		{4C18BCD9-FAF3-4CAA-961A-7665C6B2CBA2} = {1586D945-A456-4AEE-85C0-9BDD8422C35D}
		{D496B0E6-1238-4829-B269-3B6D603C9352} = {B2C9B6A0-3235-44B7-B3FA-4DDB5A7E1177}
	EndGlobalSection
	GlobalSection(ExtensibilityGlobals) = postSolution
		SolutionGuid = {AC9630E8-0AA3-4DDA-ABFF-1BFAB2EB6FA4}
	EndGlobalSection
EndGlobal
